
Microsoft Visual Studio Solution File, Format Version 12.00
# Visual Studio Version 16
VisualStudioVersion = 16.0.29102.190
MinimumVisualStudioVersion = 10.0.40219.1
Project("{2150E333-8FDC-42A3-9474-1A3956D46DE8}") = "Tests", "Tests", "{7AA6D132-72EB-4F77-B8A9-FA81DE4036AB}"
EndProject
Project("{FAE04EC0-301F-11D3-BF4B-00C04F79EFBC}") = "Employee.Domain", "Employee.Domain\Employee.Domain.csproj", "{700E5BF2-D628-4A83-A785-E3A0B4760587}"
EndProject
Project("{FAE04EC0-301F-11D3-BF4B-00C04F79EFBC}") = "Employee.Domain.Tests", "Employee.Domain.Tests\Employee.Domain.Tests.csproj", "{9ADBDD49-0571-4890-9795-F998AD44CA2A}"
EndProject
Global
	GlobalSection(SolutionConfigurationPlatforms) = preSolution
		Debug|Any CPU = Debug|Any CPU
		Release|Any CPU = Release|Any CPU
	EndGlobalSection
	GlobalSection(ProjectConfigurationPlatforms) = postSolution
		{700E5BF2-D628-4A83-A785-E3A0B4760587}.Debug|Any CPU.ActiveCfg = Debug|Any CPU
		{700E5BF2-D628-4A83-A785-E3A0B4760587}.Debug|Any CPU.Build.0 = Debug|Any CPU
		{700E5BF2-D628-4A83-A785-E3A0B4760587}.Release|Any CPU.ActiveCfg = Release|Any CPU
		{700E5BF2-D628-4A83-A785-E3A0B4760587}.Release|Any CPU.Build.0 = Release|Any CPU
		{9ADBDD49-0571-4890-9795-F998AD44CA2A}.Debug|Any CPU.ActiveCfg = Debug|Any CPU
		{9ADBDD49-0571-4890-9795-F998AD44CA2A}.Debug|Any CPU.Build.0 = Debug|Any CPU
		{9ADBDD49-0571-4890-9795-F998AD44CA2A}.Release|Any CPU.ActiveCfg = Release|Any CPU
		{9ADBDD49-0571-4890-9795-F998AD44CA2A}.Release|Any CPU.Build.0 = Release|Any CPU
	EndGlobalSection
	GlobalSection(SolutionProperties) = preSolution
		HideSolutionNode = FALSE
	EndGlobalSection
	GlobalSection(NestedProjects) = preSolution
		{9ADBDD49-0571-4890-9795-F998AD44CA2A} = {7AA6D132-72EB-4F77-B8A9-FA81DE4036AB}
	EndGlobalSection
	GlobalSection(ExtensibilityGlobals) = postSolution
		SolutionGuid = {0CD07F5F-E5F9-4B88-8277-55E555EE4C1F}
	EndGlobalSection
EndGlobal
